
Microsoft Visual Studio Solution File, Format Version 12.00
# Visual Studio Version 17
VisualStudioVersion = 17.1.32414.318
MinimumVisualStudioVersion = 10.0.40219.1
Project("{9A19103F-16F7-4668-BE54-9A1E7A4F7556}") = "FORMS", "NOSQL PROJECT\FORMS.csproj", "{9A3E4089-A67A-4F48-B0E1-1FFE7829CCE1}"
EndProject
Project("{FAE04EC0-301F-11D3-BF4B-00C04F79EFBC}") = "MODEL", "MODEL\MODEL.csproj", "{32474D5D-C772-40FE-8CBA-3041049A62E4}"
EndProject
Project("{FAE04EC0-301F-11D3-BF4B-00C04F79EFBC}") = "DAL", "DAO\DAL.csproj", "{8A5EDEF0-B602-4F11-862B-BEA0442B6040}"
EndProject
Project("{FAE04EC0-301F-11D3-BF4B-00C04F79EFBC}") = "LOGIC", "LOGIC\LOGIC.csproj", "{D2C59492-9F1D-4BBB-9BD0-6AA7A3894198}"
EndProject
Global
	GlobalSection(SolutionConfigurationPlatforms) = preSolution
		Debug|Any CPU = Debug|Any CPU
		Release|Any CPU = Release|Any CPU
	EndGlobalSection
	GlobalSection(ProjectConfigurationPlatforms) = postSolution
		{9A3E4089-A67A-4F48-B0E1-1FFE7829CCE1}.Debug|Any CPU.ActiveCfg = Debug|Any CPU
		{9A3E4089-A67A-4F48-B0E1-1FFE7829CCE1}.Debug|Any CPU.Build.0 = Debug|Any CPU
		{9A3E4089-A67A-4F48-B0E1-1FFE7829CCE1}.Release|Any CPU.ActiveCfg = Release|Any CPU
		{9A3E4089-A67A-4F48-B0E1-1FFE7829CCE1}.Release|Any CPU.Build.0 = Release|Any CPU
		{32474D5D-C772-40FE-8CBA-3041049A62E4}.Debug|Any CPU.ActiveCfg = Debug|Any CPU
		{32474D5D-C772-40FE-8CBA-3041049A62E4}.Debug|Any CPU.Build.0 = Debug|Any CPU
		{32474D5D-C772-40FE-8CBA-3041049A62E4}.Release|Any CPU.ActiveCfg = Release|Any CPU
		{32474D5D-C772-40FE-8CBA-3041049A62E4}.Release|Any CPU.Build.0 = Release|Any CPU
		{8A5EDEF0-B602-4F11-862B-BEA0442B6040}.Debug|Any CPU.ActiveCfg = Debug|Any CPU
		{8A5EDEF0-B602-4F11-862B-BEA0442B6040}.Debug|Any CPU.Build.0 = Debug|Any CPU
		{8A5EDEF0-B602-4F11-862B-BEA0442B6040}.Release|Any CPU.ActiveCfg = Release|Any CPU
		{8A5EDEF0-B602-4F11-862B-BEA0442B6040}.Release|Any CPU.Build.0 = Release|Any CPU
		{D2C59492-9F1D-4BBB-9BD0-6AA7A3894198}.Debug|Any CPU.ActiveCfg = Debug|Any CPU
		{D2C59492-9F1D-4BBB-9BD0-6AA7A3894198}.Debug|Any CPU.Build.0 = Debug|Any CPU
		{D2C59492-9F1D-4BBB-9BD0-6AA7A3894198}.Release|Any CPU.ActiveCfg = Release|Any CPU
		{D2C59492-9F1D-4BBB-9BD0-6AA7A3894198}.Release|Any CPU.Build.0 = Release|Any CPU
	EndGlobalSection
	GlobalSection(SolutionProperties) = preSolution
		HideSolutionNode = FALSE
	EndGlobalSection
	GlobalSection(ExtensibilityGlobals) = postSolution
		SolutionGuid = {604F3426-485F-4C99-BF31-60D03E127AA9}
	EndGlobalSection
EndGlobal
